# This file is automatically @generated by Poetry 1.7.1 and should not be changed by hand.

[[package]]
name = "texformatter"
version = "0.3.0"
description = ""
optional = false
python-versions = ">=3.12,<4.0"
files = [
    {file = "texformatter-0.3.0-py3-none-any.whl", hash = "sha256:75255dc8aff370c17c246bd12031b2b548595bd42828c5fb46e6ae4d703b34a7"},
    {file = "texformatter-0.3.0.tar.gz", hash = "sha256:2eb64923f3e46bf2a371eab673c74ce59d327aabbafd591c9fd13dc8997f9655"},
]

[metadata]
lock-version = "2.0"
python-versions = "^3.12"
content-hash = "1ee1e77597a9fb0377ce673cde0494342e8e755f84cbcc47a9a05c656cb0e761"
